// !$*UTF8*$!
{
	archiveVersion = 1;
	classes = {
	};
	objectVersion = 56;
	objects = {

/* Begin PBXBuildFile section */
		5DBE840A2992B76D006C8DA9 /* FeelingsJournalTemplateApp.swift in Sources */ = {isa = PBXBuildFile; fileRef = 5DBE84092992B76D006C8DA9 /* FeelingsJournalTemplateApp.swift */; };
		5DBE840C2992B76D006C8DA9 /* ContentView.swift in Sources */ = {isa = PBXBuildFile; fileRef = 5DBE840B2992B76D006C8DA9 /* ContentView.swift */; };
		5DBE840E2992B76F006C8DA9 /* Assets.xcassets in Resources */ = {isa = PBXBuildFile; fileRef = 5DBE840D2992B76F006C8DA9 /* Assets.xcassets */; };
		5DBE84112992B76F006C8DA9 /* Preview Assets.xcassets in Resources */ = {isa = PBXBuildFile; fileRef = 5DBE84102992B76F006C8DA9 /* Preview Assets.xcassets */; };
		5DBE84182992B7AA006C8DA9 /* Entry.swift in Sources */ = {isa = PBXBuildFile; fileRef = 5DBE84172992B7AA006C8DA9 /* Entry.swift */; };
		5DBE841A2992B7D1006C8DA9 /* Feeling.swift in Sources */ = {isa = PBXBuildFile; fileRef = 5DBE84192992B7D1006C8DA9 /* Feeling.swift */; };
		5DBE841C2992B858006C8DA9 /* ViewModel.swift in Sources */ = {isa = PBXBuildFile; fileRef = 5DBE841B2992B858006C8DA9 /* ViewModel.swift */; };
		5DBE84252992FC97006C8DA9 /* EntryDetailView.swift in Sources */ = {isa = PBXBuildFile; fileRef = 5DBE84242992FC97006C8DA9 /* EntryDetailView.swift */; };
		5DBE84272993DB54006C8DA9 /* AddEntryView.swift in Sources */ = {isa = PBXBuildFile; fileRef = 5DBE84262993DB54006C8DA9 /* AddEntryView.swift */; };
/* End PBXBuildFile section */

/* Begin PBXFileReference section */
		5DBE84062992B76D006C8DA9 /* FeelingsJournalTemplate.app */ = {isa = PBXFileReference; explicitFileType = wrapper.application; includeInIndex = 0; path = FeelingsJournalTemplate.app; sourceTree = BUILT_PRODUCTS_DIR; };
		5DBE84092992B76D006C8DA9 /* FeelingsJournalTemplateApp.swift */ = {isa = PBXFileReference; lastKnownFileType = sourcecode.swift; path = FeelingsJournalTemplateApp.swift; sourceTree = "<group>"; };
		5DBE840B2992B76D006C8DA9 /* ContentView.swift */ = {isa = PBXFileReference; lastKnownFileType = sourcecode.swift; path = ContentView.swift; sourceTree = "<group>"; };
		5DBE840D2992B76F006C8DA9 /* Assets.xcassets */ = {isa = PBXFileReference; lastKnownFileType = folder.assetcatalog; path = Assets.xcassets; sourceTree = "<group>"; };
		5DBE84102992B76F006C8DA9 /* Preview Assets.xcassets */ = {isa = PBXFileReference; lastKnownFileType = folder.assetcatalog; path = "Preview Assets.xcassets"; sourceTree = "<group>"; };
		5DBE84172992B7AA006C8DA9 /* Entry.swift */ = {isa = PBXFileReference; lastKnownFileType = sourcecode.swift; path = Entry.swift; sourceTree = "<group>"; };
		5DBE84192992B7D1006C8DA9 /* Feeling.swift */ = {isa = PBXFileReference; lastKnownFileType = sourcecode.swift; path = Feeling.swift; sourceTree = "<group>"; };
		5DBE841B2992B858006C8DA9 /* ViewModel.swift */ = {isa = PBXFileReference; lastKnownFileType = sourcecode.swift; path = ViewModel.swift; sourceTree = "<group>"; };
		5DBE84242992FC97006C8DA9 /* EntryDetailView.swift */ = {isa = PBXFileReference; lastKnownFileType = sourcecode.swift; path = EntryDetailView.swift; sourceTree = "<group>"; };
		5DBE84262993DB54006C8DA9 /* AddEntryView.swift */ = {isa = PBXFileReference; lastKnownFileType = sourcecode.swift; path = AddEntryView.swift; sourceTree = "<group>"; };
		5DC898E929940AF10076544C /* README.md */ = {isa = PBXFileReference; lastKnownFileType = net.daringfireball.markdown; path = README.md; sourceTree = "<group>"; };
/* End PBXFileReference section */

/* Begin PBXFrameworksBuildPhase section */
		5DBE84032992B76D006C8DA9 /* Frameworks */ = {
			isa = PBXFrameworksBuildPhase;
			buildActionMask = 2147483647;
			files = (
			);
			runOnlyForDeploymentPostprocessing = 0;
		};
/* End PBXFrameworksBuildPhase section */

/* Begin PBXGroup section */
		5DBE83FD2992B76D006C8DA9 = {
			isa = PBXGroup;
			children = (
				5DBE84082992B76D006C8DA9 /* FeelingsJournalTemplate */,
				5DBE84072992B76D006C8DA9 /* Products */,
			);
			sourceTree = "<group>";
		};
		5DBE84072992B76D006C8DA9 /* Products */ = {
			isa = PBXGroup;
			children = (
				5DBE84062992B76D006C8DA9 /* FeelingsJournalTemplate.app */,
			);
			name = Products;
			sourceTree = "<group>";
		};
		5DBE84082992B76D006C8DA9 /* FeelingsJournalTemplate */ = {
			isa = PBXGroup;
			children = (
				5DC898E929940AF10076544C /* README.md */,
				5DBE84092992B76D006C8DA9 /* FeelingsJournalTemplateApp.swift */,
				5DBE841E2992B880006C8DA9 /* View */,
				5DBE841D2992B85D006C8DA9 /* ViewModel */,
				5DBE841F2992B88A006C8DA9 /* Model */,
				5DBE840D2992B76F006C8DA9 /* Assets.xcassets */,
				5DBE840F2992B76F006C8DA9 /* Preview Content */,
			);
			path = FeelingsJournalTemplate;
			sourceTree = "<group>";
		};
		5DBE840F2992B76F006C8DA9 /* Preview Content */ = {
			isa = PBXGroup;
			children = (
				5DBE84102992B76F006C8DA9 /* Preview Assets.xcassets */,
			);
			path = "Preview Content";
			sourceTree = "<group>";
		};
		5DBE841D2992B85D006C8DA9 /* ViewModel */ = {
			isa = PBXGroup;
			children = (
				5DBE841B2992B858006C8DA9 /* ViewModel.swift */,
			);
			path = ViewModel;
			sourceTree = "<group>";
		};
		5DBE841E2992B880006C8DA9 /* View */ = {
			isa = PBXGroup;
			children = (
				5DBE840B2992B76D006C8DA9 /* ContentView.swift */,
				5DBE84262993DB54006C8DA9 /* AddEntryView.swift */,
				5DBE84242992FC97006C8DA9 /* EntryDetailView.swift */,
			);
			path = View;
			sourceTree = "<group>";
		};
		5DBE841F2992B88A006C8DA9 /* Model */ = {
			isa = PBXGroup;
			children = (
				5DBE84172992B7AA006C8DA9 /* Entry.swift */,
				5DBE84192992B7D1006C8DA9 /* Feeling.swift */,
			);
			path = Model;
			sourceTree = "<group>";
		};
/* End PBXGroup section */

/* Begin PBXNativeTarget section */
		5DBE84052992B76D006C8DA9 /* FeelingsJournalTemplate */ = {
			isa = PBXNativeTarget;
			buildConfigurationList = 5DBE84142992B76F006C8DA9 /* Build configuration list for PBXNativeTarget "FeelingsJournalTemplate" */;
			buildPhases = (
				5DBE84022992B76D006C8DA9 /* Sources */,
				5DBE84032992B76D006C8DA9 /* Frameworks */,
				5DBE84042992B76D006C8DA9 /* Resources */,
			);
			buildRules = (
			);
			dependencies = (
			);
			name = FeelingsJournalTemplate;
			productName = FeelingsJournalTemplate;
			productReference = 5DBE84062992B76D006C8DA9 /* FeelingsJournalTemplate.app */;
			productType = "com.apple.product-type.application";
		};
/* End PBXNativeTarget section */

/* Begin PBXProject section */
		5DBE83FE2992B76D006C8DA9 /* Project object */ = {
			isa = PBXProject;
			attributes = {
				BuildIndependentTargetsInParallel = 1;
				LastSwiftUpdateCheck = 1420;
				LastUpgradeCheck = 1420;
				TargetAttributes = {
					5DBE84052992B76D006C8DA9 = {
						CreatedOnToolsVersion = 14.2;
					};
				};
			};
			buildConfigurationList = 5DBE84012992B76D006C8DA9 /* Build configuration list for PBXProject "FeelingsJournalTemplate" */;
			compatibilityVersion = "Xcode 14.0";
			developmentRegion = en;
			hasScannedForEncodings = 0;
			knownRegions = (
				en,
				Base,
			);
			mainGroup = 5DBE83FD2992B76D006C8DA9;
			productRefGroup = 5DBE84072992B76D006C8DA9 /* Products */;
			projectDirPath = "";
			projectRoot = "";
			targets = (
				5DBE84052992B76D006C8DA9 /* FeelingsJournalTemplate */,
			);
		};
/* End PBXProject section */

/* Begin PBXResourcesBuildPhase section */
		5DBE84042992B76D006C8DA9 /* Resources */ = {
			isa = PBXResourcesBuildPhase;
			buildActionMask = 2147483647;
			files = (
				5DBE84112992B76F006C8DA9 /* Preview Assets.xcassets in Resources */,
				5DBE840E2992B76F006C8DA9 /* Assets.xcassets in Resources */,
			);
			runOnlyForDeploymentPostprocessing = 0;
		};
/* End PBXResourcesBuildPhase section */

/* Begin PBXSourcesBuildPhase section */
		5DBE84022992B76D006C8DA9 /* Sources */ = {
			isa = PBXSourcesBuildPhase;
			buildActionMask = 2147483647;
			files = (
				5DBE84252992FC97006C8DA9 /* EntryDetailView.swift in Sources */,
				5DBE841C2992B858006C8DA9 /* ViewModel.swift in Sources */,
				5DBE84272993DB54006C8DA9 /* AddEntryView.swift in Sources */,
				5DBE84182992B7AA006C8DA9 /* Entry.swift in Sources */,
				5DBE840C2992B76D006C8DA9 /* ContentView.swift in Sources */,
				5DBE841A2992B7D1006C8DA9 /* Feeling.swift in Sources */,
				5DBE840A2992B76D006C8DA9 /* FeelingsJournalTemplateApp.swift in Sources */,
			);
			runOnlyForDeploymentPostprocessing = 0;
		};
/* End PBXSourcesBuildPhase section */

/* Begin XCBuildConfiguration section */
		5DBE84122992B76F006C8DA9 /* Debug */ = {
			isa = XCBuildConfiguration;
			buildSettings = {
				ALWAYS_SEARCH_USER_PATHS = NO;
				CLANG_ANALYZER_NONNULL = YES;
				CLANG_ANALYZER_NUMBER_OBJECT_CONVERSION = YES_AGGRESSIVE;
				CLANG_CXX_LANGUAGE_STANDARD = "gnu++20";
				CLANG_ENABLE_MODULES = YES;
				CLANG_ENABLE_OBJC_ARC = YES;
				CLANG_ENABLE_OBJC_WEAK = YES;
				CLANG_WARN_BLOCK_CAPTURE_AUTORELEASING = YES;
				CLANG_WARN_BOOL_CONVERSION = YES;
				CLANG_WARN_COMMA = YES;
				CLANG_WARN_CONSTANT_CONVERSION = YES;
				CLANG_WARN_DEPRECATED_OBJC_IMPLEMENTATIONS = YES;
				CLANG_WARN_DIRECT_OBJC_ISA_USAGE = YES_ERROR;
				CLANG_WARN_DOCUMENTATION_COMMENTS = YES;
				CLANG_WARN_EMPTY_BODY = YES;
				CLANG_WARN_ENUM_CONVERSION = YES;
				CLANG_WARN_INFINITE_RECURSION = YES;
				CLANG_WARN_INT_CONVERSION = YES;
				CLANG_WARN_NON_LITERAL_NULL_CONVERSION = YES;
				CLANG_WARN_OBJC_IMPLICIT_RETAIN_SELF = YES;
				CLANG_WARN_OBJC_LITERAL_CONVERSION = YES;
				CLANG_WARN_OBJC_ROOT_CLASS = YES_ERROR;
				CLANG_WARN_QUOTED_INCLUDE_IN_FRAMEWORK_HEADER = YES;
				CLANG_WARN_RANGE_LOOP_ANALYSIS = YES;
				CLANG_WARN_STRICT_PROTOTYPES = YES;
				CLANG_WARN_SUSPICIOUS_MOVE = YES;
				CLANG_WARN_UNGUARDED_AVAILABILITY = YES_AGGRESSIVE;
				CLANG_WARN_UNREACHABLE_CODE = YES;
				CLANG_WARN__DUPLICATE_METHOD_MATCH = YES;
				COPY_PHASE_STRIP = NO;
				DEBUG_INFORMATION_FORMAT = dwarf;
				ENABLE_STRICT_OBJC_MSGSEND = YES;
				ENABLE_TESTABILITY = YES;
				GCC_C_LANGUAGE_STANDARD = gnu11;
				GCC_DYNAMIC_NO_PIC = NO;
				GCC_NO_COMMON_BLOCKS = YES;
				GCC_OPTIMIZATION_LEVEL = 0;
				GCC_PREPROCESSOR_DEFINITIONS = (
					"DEBUG=1",
					"$(inherited)",
				);
				GCC_WARN_64_TO_32_BIT_CONVERSION = YES;
				GCC_WARN_ABOUT_RETURN_TYPE = YES_ERROR;
				GCC_WARN_UNDECLARED_SELECTOR = YES;
				GCC_WARN_UNINITIALIZED_AUTOS = YES_AGGRESSIVE;
				GCC_WARN_UNUSED_FUNCTION = YES;
				GCC_WARN_UNUSED_VARIABLE = YES;
				IPHONEOS_DEPLOYMENT_TARGET = 16.2;
				MTL_ENABLE_DEBUG_INFO = INCLUDE_SOURCE;
				MTL_FAST_MATH = YES;
				ONLY_ACTIVE_ARCH = YES;
				SDKROOT = iphoneos;
				SWIFT_ACTIVE_COMPILATION_CONDITIONS = DEBUG;
				SWIFT_OPTIMIZATION_LEVEL = "-Onone";
			};
			name = Debug;
		};
		5DBE84132992B76F006C8DA9 /* Release */ = {
			isa = XCBuildConfiguration;
			buildSettings = {
				ALWAYS_SEARCH_USER_PATHS = NO;
				CLANG_ANALYZER_NONNULL = YES;
				CLANG_ANALYZER_NUMBER_OBJECT_CONVERSION = YES_AGGRESSIVE;
				CLANG_CXX_LANGUAGE_STANDARD = "gnu++20";
				CLANG_ENABLE_MODULES = YES;
				CLANG_ENABLE_OBJC_ARC = YES;
				CLANG_ENABLE_OBJC_WEAK = YES;
				CLANG_WARN_BLOCK_CAPTURE_AUTORELEASING = YES;
				CLANG_WARN_BOOL_CONVERSION = YES;
				CLANG_WARN_COMMA = YES;
				CLANG_WARN_CONSTANT_CONVERSION = YES;
				CLANG_WARN_DEPRECATED_OBJC_IMPLEMENTATIONS = YES;
				CLANG_WARN_DIRECT_OBJC_ISA_USAGE = YES_ERROR;
				CLANG_WARN_DOCUMENTATION_COMMENTS = YES;
				CLANG_WARN_EMPTY_BODY = YES;
				CLANG_WARN_ENUM_CONVERSION = YES;
				CLANG_WARN_INFINITE_RECURSION = YES;
				CLANG_WARN_INT_CONVERSION = YES;
				CLANG_WARN_NON_LITERAL_NULL_CONVERSION = YES;
				CLANG_WARN_OBJC_IMPLICIT_RETAIN_SELF = YES;
				CLANG_WARN_OBJC_LITERAL_CONVERSION = YES;
				CLANG_WARN_OBJC_ROOT_CLASS = YES_ERROR;
				CLANG_WARN_QUOTED_INCLUDE_IN_FRAMEWORK_HEADER = YES;
				CLANG_WARN_RANGE_LOOP_ANALYSIS = YES;
				CLANG_WARN_STRICT_PROTOTYPES = YES;
				CLANG_WARN_SUSPICIOUS_MOVE = YES;
				CLANG_WARN_UNGUARDED_AVAILABILITY = YES_AGGRESSIVE;
				CLANG_WARN_UNREACHABLE_CODE = YES;
				CLANG_WARN__DUPLICATE_METHOD_MATCH = YES;
				COPY_PHASE_STRIP = NO;
				DEBUG_INFORMATION_FORMAT = "dwarf-with-dsym";
				ENABLE_NS_ASSERTIONS = NO;
				ENABLE_STRICT_OBJC_MSGSEND = YES;
				GCC_C_LANGUAGE_STANDARD = gnu11;
				GCC_NO_COMMON_BLOCKS = YES;
				GCC_WARN_64_TO_32_BIT_CONVERSION = YES;
				GCC_WARN_ABOUT_RETURN_TYPE = YES_ERROR;
				GCC_WARN_UNDECLARED_SELECTOR = YES;
				GCC_WARN_UNINITIALIZED_AUTOS = YES_AGGRESSIVE;
				GCC_WARN_UNUSED_FUNCTION = YES;
				GCC_WARN_UNUSED_VARIABLE = YES;
				IPHONEOS_DEPLOYMENT_TARGET = 16.2;
				MTL_ENABLE_DEBUG_INFO = NO;
				MTL_FAST_MATH = YES;
				SDKROOT = iphoneos;
				SWIFT_COMPILATION_MODE = wholemodule;
				SWIFT_OPTIMIZATION_LEVEL = "-O";
				VALIDATE_PRODUCT = YES;
			};
			name = Release;
		};
		5DBE84152992B76F006C8DA9 /* Debug */ = {
			isa = XCBuildConfiguration;
			buildSettings = {
				ASSETCATALOG_COMPILER_APPICON_NAME = AppIcon;
				ASSETCATALOG_COMPILER_GLOBAL_ACCENT_COLOR_NAME = AccentColor;
				CODE_SIGN_STYLE = Automatic;
				CURRENT_PROJECT_VERSION = 1;
				DEVELOPMENT_ASSET_PATHS = "\"FeelingsJournalTemplate/Preview Content\"";
				DEVELOPMENT_TEAM = 94AXJS8DQZ;
				ENABLE_PREVIEWS = YES;
				GENERATE_INFOPLIST_FILE = YES;
				INFOPLIST_KEY_UIApplicationSceneManifest_Generation = YES;
				INFOPLIST_KEY_UIApplicationSupportsIndirectInputEvents = YES;
				INFOPLIST_KEY_UILaunchScreen_Generation = YES;
				INFOPLIST_KEY_UISupportedInterfaceOrientations_iPad = "UIInterfaceOrientationPortrait UIInterfaceOrientationPortraitUpsideDown UIInterfaceOrientationLandscapeLeft UIInterfaceOrientationLandscapeRight";
				INFOPLIST_KEY_UISupportedInterfaceOrientations_iPhone = "UIInterfaceOrientationPortrait UIInterfaceOrientationLandscapeLeft UIInterfaceOrientationLandscapeRight";
				LD_RUNPATH_SEARCH_PATHS = (
					"$(inherited)",
					"@executable_path/Frameworks",
				);
				MARKETING_VERSION = 1.0;
				PRODUCT_BUNDLE_IDENTIFIER = com.zcutlerf.FeelingsJournalTemplate;
				PRODUCT_NAME = "$(TARGET_NAME)";
				SWIFT_EMIT_LOC_STRINGS = YES;
				SWIFT_VERSION = 5.0;
				TARGETED_DEVICE_FAMILY = "1,2";
			};
			name = Debug;
		};
		5DBE84162992B76F006C8DA9 /* Release */ = {
			isa = XCBuildConfiguration;
			buildSettings = {
				ASSETCATALOG_COMPILER_APPICON_NAME = AppIcon;
				ASSETCATALOG_COMPILER_GLOBAL_ACCENT_COLOR_NAME = AccentColor;
				CODE_SIGN_STYLE = Automatic;
				CURRENT_PROJECT_VERSION = 1;
				DEVELOPMENT_ASSET_PATHS = "\"FeelingsJournalTemplate/Preview Content\"";
				DEVELOPMENT_TEAM = 94AXJS8DQZ;
				ENABLE_PREVIEWS = YES;
				GENERATE_INFOPLIST_FILE = YES;
				INFOPLIST_KEY_UIApplicationSceneManifest_Generation = YES;
				INFOPLIST_KEY_UIApplicationSupportsIndirectInputEvents = YES;
				INFOPLIST_KEY_UILaunchScreen_Generation = YES;
				INFOPLIST_KEY_UISupportedInterfaceOrientations_iPad = "UIInterfaceOrientationPortrait UIInterfaceOrientationPortraitUpsideDown UIInterfaceOrientationLandscapeLeft UIInterfaceOrientationLandscapeRight";
				INFOPLIST_KEY_UISupportedInterfaceOrientations_iPhone = "UIInterfaceOrientationPortrait UIInterfaceOrientationLandscapeLeft UIInterfaceOrientationLandscapeRight";
				LD_RUNPATH_SEARCH_PATHS = (
					"$(inherited)",
					"@executable_path/Frameworks",
				);
				MARKETING_VERSION = 1.0;
				PRODUCT_BUNDLE_IDENTIFIER = com.zcutlerf.FeelingsJournalTemplate;
				PRODUCT_NAME = "$(TARGET_NAME)";
				SWIFT_EMIT_LOC_STRINGS = YES;
				SWIFT_VERSION = 5.0;
				TARGETED_DEVICE_FAMILY = "1,2";
			};
			name = Release;
		};
/* End XCBuildConfiguration section */

/* Begin XCConfigurationList section */
		5DBE84012992B76D006C8DA9 /* Build configuration list for PBXProject "FeelingsJournalTemplate" */ = {
			isa = XCConfigurationList;
			buildConfigurations = (
				5DBE84122992B76F006C8DA9 /* Debug */,
				5DBE84132992B76F006C8DA9 /* Release */,
			);
			defaultConfigurationIsVisible = 0;
			defaultConfigurationName = Release;
		};
		5DBE84142992B76F006C8DA9 /* Build configuration list for PBXNativeTarget "FeelingsJournalTemplate" */ = {
			isa = XCConfigurationList;
			buildConfigurations = (
				5DBE84152992B76F006C8DA9 /* Debug */,
				5DBE84162992B76F006C8DA9 /* Release */,
			);
			defaultConfigurationIsVisible = 0;
			defaultConfigurationName = Release;
		};
/* End XCConfigurationList section */
	};
	rootObject = 5DBE83FE2992B76D006C8DA9 /* Project object */;
}
